
Microsoft Visual Studio Solution File, Format Version 12.00
# Visual Studio Version 17
VisualStudioVersion = 17.14.36203.30 d17.14
MinimumVisualStudioVersion = 10.0.40219.1
Project("{FAE04EC0-301F-11D3-BF4B-00C04F79EFBC}") = "Traffic Control System", "Traffic Control System.csproj", "{E7F02A04-B624-455B-B611-CD120A774DBE}"
EndProject
Global
	GlobalSection(SolutionConfigurationPlatforms) = preSolution
		Debug|Any CPU = Debug|Any CPU
		Release|Any CPU = Release|Any CPU
	EndGlobalSection
	GlobalSection(ProjectConfigurationPlatforms) = postSolution
		{E7F02A04-B624-455B-B611-CD120A774DBE}.Debug|Any CPU.ActiveCfg = Debug|Any CPU
		{E7F02A04-B624-455B-B611-CD120A774DBE}.Debug|Any CPU.Build.0 = Debug|Any CPU
		{E7F02A04-B624-455B-B611-CD120A774DBE}.Release|Any CPU.ActiveCfg = Release|Any CPU
		{E7F02A04-B624-455B-B611-CD120A774DBE}.Release|Any CPU.Build.0 = Release|Any CPU
	EndGlobalSection
	GlobalSection(SolutionProperties) = preSolution
		HideSolutionNode = FALSE
	EndGlobalSection
	GlobalSection(ExtensibilityGlobals) = postSolution
		SolutionGuid = {B2C1A5B8-80A6-4891-963D-02BB0145C4EA}
	EndGlobalSection
EndGlobal
